# THIS IS AN AUTOGENERATED FILE. DO NOT EDIT THIS FILE DIRECTLY.
# yarn lockfile v1


dgram@^1.0.1:
  version "1.0.1"
  resolved "https://registry.yarnpkg.com/dgram/-/dgram-1.0.1.tgz#37f3b200f8033a5ff759303089c81ce361b651c3"
  integrity sha1-N/OyAPgDOl/3WTAwicgc42G2UcM=

ws@^7.4.6:
  version "7.4.6"
  resolved "https://registry.yarnpkg.com/ws/-/ws-7.4.6.tgz#5654ca8ecdeee47c33a9a4bf6d28e2be2980377c"
  integrity sha512-YmhHDO4MzaDLB+M9ym/mDA5z0naX8j7SIlT8f8z+I0VtzsRbekxEutHSme7NPS2qE8StCYQNUnfWdXta/Yu85A==
